// !$*UTF8*$!
{
	archiveVersion = 1;
	classes = {
	};
	objectVersion = 46;
	objects = {

/* Begin PBXBuildFile section */
		8CF3ABDC1EA8A04000451428 /* main.m in Sources */ = {isa = PBXBuildFile; fileRef = 8CF3ABDB1EA8A04000451428 /* main.m */; };
		8CF3ABDF1EA8A04000451428 /* AppDelegate.m in Sources */ = {isa = PBXBuildFile; fileRef = 8CF3ABDE1EA8A04000451428 /* AppDelegate.m */; };
		8CF3ABE21EA8A04000451428 /* ViewController.m in Sources */ = {isa = PBXBuildFile; fileRef = 8CF3ABE11EA8A04000451428 /* ViewController.m */; };
		8CF3ABE51EA8A04000451428 /* Main.storyboard in Resources */ = {isa = PBXBuildFile; fileRef = 8CF3ABE31EA8A04000451428 /* Main.storyboard */; };
		8CF3ABE71EA8A04000451428 /* Assets.xcassets in Resources */ = {isa = PBXBuildFile; fileRef = 8CF3ABE61EA8A04000451428 /* Assets.xcassets */; };
		8CF3ABEA1EA8A04000451428 /* LaunchScreen.storyboard in Resources */ = {isa = PBXBuildFile; fileRef = 8CF3ABE81EA8A04000451428 /* LaunchScreen.storyboard */; };
		8CF3ABF31EA8A05600451428 /* AddressBook.framework in Frameworks */ = {isa = PBXBuildFile; fileRef = 8CF3ABF21EA8A05600451428 /* AddressBook.framework */; };
		8CF3ABF51EA8A06300451428 /* AddressBookUI.framework in Frameworks */ = {isa = PBXBuildFile; fileRef = 8CF3ABF41EA8A06300451428 /* AddressBookUI.framework */; };
		8CF3ABF71EA8AC9600451428 /* YourContactFile.vcf in Resources */ = {isa = PBXBuildFile; fileRef = 8CF3ABF61EA8AC9600451428 /* YourContactFile.vcf */; };
/* End PBXBuildFile section */

/* Begin PBXFileReference section */
		8CF3ABD71EA8A04000451428 /* AddContacts2Simulator.app */ = {isa = PBXFileReference; explicitFileType = wrapper.application; includeInIndex = 0; path = AddContacts2Simulator.app; sourceTree = BUILT_PRODUCTS_DIR; };
		8CF3ABDB1EA8A04000451428 /* main.m */ = {isa = PBXFileReference; lastKnownFileType = sourcecode.c.objc; path = main.m; sourceTree = "<group>"; };
		8CF3ABDD1EA8A04000451428 /* AppDelegate.h */ = {isa = PBXFileReference; lastKnownFileType = sourcecode.c.h; path = AppDelegate.h; sourceTree = "<group>"; };
		8CF3ABDE1EA8A04000451428 /* AppDelegate.m */ = {isa = PBXFileReference; lastKnownFileType = sourcecode.c.objc; path = AppDelegate.m; sourceTree = "<group>"; };
		8CF3ABE01EA8A04000451428 /* ViewController.h */ = {isa = PBXFileReference; lastKnownFileType = sourcecode.c.h; path = ViewController.h; sourceTree = "<group>"; };
		8CF3ABE11EA8A04000451428 /* ViewController.m */ = {isa = PBXFileReference; lastKnownFileType = sourcecode.c.objc; path = ViewController.m; sourceTree = "<group>"; };
		8CF3ABE41EA8A04000451428 /* Base */ = {isa = PBXFileReference; lastKnownFileType = file.storyboard; name = Base; path = Base.lproj/Main.storyboard; sourceTree = "<group>"; };
		8CF3ABE61EA8A04000451428 /* Assets.xcassets */ = {isa = PBXFileReference; lastKnownFileType = folder.assetcatalog; path = Assets.xcassets; sourceTree = "<group>"; };
		8CF3ABE91EA8A04000451428 /* Base */ = {isa = PBXFileReference; lastKnownFileType = file.storyboard; name = Base; path = Base.lproj/LaunchScreen.storyboard; sourceTree = "<group>"; };
		8CF3ABEB1EA8A04000451428 /* Info.plist */ = {isa = PBXFileReference; lastKnownFileType = text.plist.xml; path = Info.plist; sourceTree = "<group>"; };
		8CF3ABF21EA8A05600451428 /* AddressBook.framework */ = {isa = PBXFileReference; lastKnownFileType = wrapper.framework; name = AddressBook.framework; path = System/Library/Frameworks/AddressBook.framework; sourceTree = SDKROOT; };
		8CF3ABF41EA8A06300451428 /* AddressBookUI.framework */ = {isa = PBXFileReference; lastKnownFileType = wrapper.framework; name = AddressBookUI.framework; path = System/Library/Frameworks/AddressBookUI.framework; sourceTree = SDKROOT; };
		8CF3ABF61EA8AC9600451428 /* YourContactFile.vcf */ = {isa = PBXFileReference; fileEncoding = 4; lastKnownFileType = text; path = YourContactFile.vcf; sourceTree = "<group>"; };
/* End PBXFileReference section */

/* Begin PBXFrameworksBuildPhase section */
		8CF3ABD41EA8A04000451428 /* Frameworks */ = {
			isa = PBXFrameworksBuildPhase;
			buildActionMask = 2147483647;
			files = (
				8CF3ABF51EA8A06300451428 /* AddressBookUI.framework in Frameworks */,
				8CF3ABF31EA8A05600451428 /* AddressBook.framework in Frameworks */,
			);
			runOnlyForDeploymentPostprocessing = 0;
		};
/* End PBXFrameworksBuildPhase section */

/* Begin PBXGroup section */
		8CF3ABCE1EA8A04000451428 = {
			isa = PBXGroup;
			children = (
				8CF3ABD91EA8A04000451428 /* AddContacts2Simulator */,
				8CF3ABD81EA8A04000451428 /* Products */,
				8CF3ABF11EA8A05600451428 /* Frameworks */,
			);
			sourceTree = "<group>";
		};
		8CF3ABD81EA8A04000451428 /* Products */ = {
			isa = PBXGroup;
			children = (
				8CF3ABD71EA8A04000451428 /* AddContacts2Simulator.app */,
			);
			name = Products;
			sourceTree = "<group>";
		};
		8CF3ABD91EA8A04000451428 /* AddContacts2Simulator */ = {
			isa = PBXGroup;
			children = (
				8CF3ABF61EA8AC9600451428 /* YourContactFile.vcf */,
				8CF3ABDD1EA8A04000451428 /* AppDelegate.h */,
				8CF3ABDE1EA8A04000451428 /* AppDelegate.m */,
				8CF3ABE01EA8A04000451428 /* ViewController.h */,
				8CF3ABE11EA8A04000451428 /* ViewController.m */,
				8CF3ABE31EA8A04000451428 /* Main.storyboard */,
				8CF3ABE61EA8A04000451428 /* Assets.xcassets */,
				8CF3ABE81EA8A04000451428 /* LaunchScreen.storyboard */,
				8CF3ABEB1EA8A04000451428 /* Info.plist */,
				8CF3ABDA1EA8A04000451428 /* Supporting Files */,
			);
			path = AddContacts2Simulator;
			sourceTree = "<group>";
		};
		8CF3ABDA1EA8A04000451428 /* Supporting Files */ = {
			isa = PBXGroup;
			children = (
				8CF3ABDB1EA8A04000451428 /* main.m */,
			);
			name = "Supporting Files";
			sourceTree = "<group>";
		};
		8CF3ABF11EA8A05600451428 /* Frameworks */ = {
			isa = PBXGroup;
			children = (
				8CF3ABF41EA8A06300451428 /* AddressBookUI.framework */,
				8CF3ABF21EA8A05600451428 /* AddressBook.framework */,
			);
			name = Frameworks;
			sourceTree = "<group>";
		};
/* End PBXGroup section */

/* Begin PBXNativeTarget section */
		8CF3ABD61EA8A04000451428 /* AddContacts2Simulator */ = {
			isa = PBXNativeTarget;
			buildConfigurationList = 8CF3ABEE1EA8A04000451428 /* Build configuration list for PBXNativeTarget "AddContacts2Simulator" */;
			buildPhases = (
				8CF3ABD31EA8A04000451428 /* Sources */,
				8CF3ABD41EA8A04000451428 /* Frameworks */,
				8CF3ABD51EA8A04000451428 /* Resources */,
			);
			buildRules = (
			);
			dependencies = (
			);
			name = AddContacts2Simulator;
			productName = AddContacts2Simulator;
			productReference = 8CF3ABD71EA8A04000451428 /* AddContacts2Simulator.app */;
			productType = "com.apple.product-type.application";
		};
/* End PBXNativeTarget section */

/* Begin PBXProject section */
		8CF3ABCF1EA8A04000451428 /* Project object */ = {
			isa = PBXProject;
			attributes = {
				LastUpgradeCheck = 0830;
				ORGANIZATIONNAME = "Gabriel Cuesta Arza";
				TargetAttributes = {
					8CF3ABD61EA8A04000451428 = {
						CreatedOnToolsVersion = 8.3.1;
						DevelopmentTeam = BG7EB8E7NF;
						ProvisioningStyle = Automatic;
					};
				};
			};
			buildConfigurationList = 8CF3ABD21EA8A04000451428 /* Build configuration list for PBXProject "AddContacts2Simulator" */;
			compatibilityVersion = "Xcode 3.2";
			developmentRegion = English;
			hasScannedForEncodings = 0;
			knownRegions = (
				en,
				Base,
			);
			mainGroup = 8CF3ABCE1EA8A04000451428;
			productRefGroup = 8CF3ABD81EA8A04000451428 /* Products */;
			projectDirPath = "";
			projectRoot = "";
			targets = (
				8CF3ABD61EA8A04000451428 /* AddContacts2Simulator */,
			);
		};
/* End PBXProject section */

/* Begin PBXResourcesBuildPhase section */
		8CF3ABD51EA8A04000451428 /* Resources */ = {
			isa = PBXResourcesBuildPhase;
			buildActionMask = 2147483647;
			files = (
				8CF3ABEA1EA8A04000451428 /* LaunchScreen.storyboard in Resources */,
				8CF3ABE71EA8A04000451428 /* Assets.xcassets in Resources */,
				8CF3ABE51EA8A04000451428 /* Main.storyboard in Resources */,
				8CF3ABF71EA8AC9600451428 /* YourContactFile.vcf in Resources */,
			);
			runOnlyForDeploymentPostprocessing = 0;
		};
/* End PBXResourcesBuildPhase section */

/* Begin PBXSourcesBuildPhase section */
		8CF3ABD31EA8A04000451428 /* Sources */ = {
			isa = PBXSourcesBuildPhase;
			buildActionMask = 2147483647;
			files = (
				8CF3ABE21EA8A04000451428 /* ViewController.m in Sources */,
				8CF3ABDF1EA8A04000451428 /* AppDelegate.m in Sources */,
				8CF3ABDC1EA8A04000451428 /* main.m in Sources */,
			);
			runOnlyForDeploymentPostprocessing = 0;
		};
/* End PBXSourcesBuildPhase section */

/* Begin PBXVariantGroup section */
		8CF3ABE31EA8A04000451428 /* Main.storyboard */ = {
			isa = PBXVariantGroup;
			children = (
				8CF3ABE41EA8A04000451428 /* Base */,
			);
			name = Main.storyboard;
			sourceTree = "<group>";
		};
		8CF3ABE81EA8A04000451428 /* LaunchScreen.storyboard */ = {
			isa = PBXVariantGroup;
			children = (
				8CF3ABE91EA8A04000451428 /* Base */,
			);
			name = LaunchScreen.storyboard;
			sourceTree = "<group>";
		};
/* End PBXVariantGroup section */

/* Begin XCBuildConfiguration section */
		8CF3ABEC1EA8A04000451428 /* Debug */ = {
			isa = XCBuildConfiguration;
			buildSettings = {
				ALWAYS_SEARCH_USER_PATHS = NO;
				CLANG_ANALYZER_NONNULL = YES;
				CLANG_ANALYZER_NUMBER_OBJECT_CONVERSION = YES_AGGRESSIVE;
				CLANG_CXX_LANGUAGE_STANDARD = "gnu++0x";
				CLANG_CXX_LIBRARY = "libc++";
				CLANG_ENABLE_MODULES = YES;
				CLANG_ENABLE_OBJC_ARC = YES;
				CLANG_WARN_BOOL_CONVERSION = YES;
				CLANG_WARN_CONSTANT_CONVERSION = YES;
				CLANG_WARN_DIRECT_OBJC_ISA_USAGE = YES_ERROR;
				CLANG_WARN_DOCUMENTATION_COMMENTS = YES;
				CLANG_WARN_EMPTY_BODY = YES;
				CLANG_WARN_ENUM_CONVERSION = YES;
				CLANG_WARN_INFINITE_RECURSION = YES;
				CLANG_WARN_INT_CONVERSION = YES;
				CLANG_WARN_OBJC_ROOT_CLASS = YES_ERROR;
				CLANG_WARN_SUSPICIOUS_MOVE = YES;
				CLANG_WARN_UNREACHABLE_CODE = YES;
				CLANG_WARN__DUPLICATE_METHOD_MATCH = YES;
				"CODE_SIGN_IDENTITY[sdk=iphoneos*]" = "iPhone Developer";
				COPY_PHASE_STRIP = NO;
				DEBUG_INFORMATION_FORMAT = dwarf;
				ENABLE_STRICT_OBJC_MSGSEND = YES;
				ENABLE_TESTABILITY = YES;
				GCC_C_LANGUAGE_STANDARD = gnu99;
				GCC_DYNAMIC_NO_PIC = NO;
				GCC_NO_COMMON_BLOCKS = YES;
				GCC_OPTIMIZATION_LEVEL = 0;
				GCC_PREPROCESSOR_DEFINITIONS = (
					"DEBUG=1",
					"$(inherited)",
				);
				GCC_WARN_64_TO_32_BIT_CONVERSION = YES;
				GCC_WARN_ABOUT_RETURN_TYPE = YES_ERROR;
				GCC_WARN_UNDECLARED_SELECTOR = YES;
				GCC_WARN_UNINITIALIZED_AUTOS = YES_AGGRESSIVE;
				GCC_WARN_UNUSED_FUNCTION = YES;
				GCC_WARN_UNUSED_VARIABLE = YES;
				IPHONEOS_DEPLOYMENT_TARGET = 10.3;
				MTL_ENABLE_DEBUG_INFO = YES;
				ONLY_ACTIVE_ARCH = YES;
				SDKROOT = iphoneos;
			};
			name = Debug;
		};
		8CF3ABED1EA8A04000451428 /* Release */ = {
			isa = XCBuildConfiguration;
			buildSettings = {
				ALWAYS_SEARCH_USER_PATHS = NO;
				CLANG_ANALYZER_NONNULL = YES;
				CLANG_ANALYZER_NUMBER_OBJECT_CONVERSION = YES_AGGRESSIVE;
				CLANG_CXX_LANGUAGE_STANDARD = "gnu++0x";
				CLANG_CXX_LIBRARY = "libc++";
				CLANG_ENABLE_MODULES = YES;
				CLANG_ENABLE_OBJC_ARC = YES;
				CLANG_WARN_BOOL_CONVERSION = YES;
				CLANG_WARN_CONSTANT_CONVERSION = YES;
				CLANG_WARN_DIRECT_OBJC_ISA_USAGE = YES_ERROR;
				CLANG_WARN_DOCUMENTATION_COMMENTS = YES;
				CLANG_WARN_EMPTY_BODY = YES;
				CLANG_WARN_ENUM_CONVERSION = YES;
				CLANG_WARN_INFINITE_RECURSION = YES;
				CLANG_WARN_INT_CONVERSION = YES;
				CLANG_WARN_OBJC_ROOT_CLASS = YES_ERROR;
				CLANG_WARN_SUSPICIOUS_MOVE = YES;
				CLANG_WARN_UNREACHABLE_CODE = YES;
				CLANG_WARN__DUPLICATE_METHOD_MATCH = YES;
				"CODE_SIGN_IDENTITY[sdk=iphoneos*]" = "iPhone Developer";
				COPY_PHASE_STRIP = NO;
				DEBUG_INFORMATION_FORMAT = "dwarf-with-dsym";
				ENABLE_NS_ASSERTIONS = NO;
				ENABLE_STRICT_OBJC_MSGSEND = YES;
				GCC_C_LANGUAGE_STANDARD = gnu99;
				GCC_NO_COMMON_BLOCKS = YES;
				GCC_WARN_64_TO_32_BIT_CONVERSION = YES;
				GCC_WARN_ABOUT_RETURN_TYPE = YES_ERROR;
				GCC_WARN_UNDECLARED_SELECTOR = YES;
				GCC_WARN_UNINITIALIZED_AUTOS = YES_AGGRESSIVE;
				GCC_WARN_UNUSED_FUNCTION = YES;
				GCC_WARN_UNUSED_VARIABLE = YES;
				IPHONEOS_DEPLOYMENT_TARGET = 10.3;
				MTL_ENABLE_DEBUG_INFO = NO;
				SDKROOT = iphoneos;
				VALIDATE_PRODUCT = YES;
			};
			name = Release;
		};
		8CF3ABEF1EA8A04000451428 /* Debug */ = {
			isa = XCBuildConfiguration;
			buildSettings = {
				ASSETCATALOG_COMPILER_APPICON_NAME = AppIcon;
				DEVELOPMENT_TEAM = BG7EB8E7NF;
				INFOPLIST_FILE = AddContacts2Simulator/Info.plist;
				IPHONEOS_DEPLOYMENT_TARGET = 8.0;
				LD_RUNPATH_SEARCH_PATHS = "$(inherited) @executable_path/Frameworks";
				PRODUCT_BUNDLE_IDENTIFIER = com.gabrielcuesta.AddContacts2Simulator;
				PRODUCT_NAME = "$(TARGET_NAME)";
			};
			name = Debug;
		};
		8CF3ABF01EA8A04000451428 /* Release */ = {
			isa = XCBuildConfiguration;
			buildSettings = {
				ASSETCATALOG_COMPILER_APPICON_NAME = AppIcon;
				DEVELOPMENT_TEAM = BG7EB8E7NF;
				INFOPLIST_FILE = AddContacts2Simulator/Info.plist;
				IPHONEOS_DEPLOYMENT_TARGET = 8.0;
				LD_RUNPATH_SEARCH_PATHS = "$(inherited) @executable_path/Frameworks";
				PRODUCT_BUNDLE_IDENTIFIER = com.gabrielcuesta.AddContacts2Simulator;
				PRODUCT_NAME = "$(TARGET_NAME)";
			};
			name = Release;
		};
/* End XCBuildConfiguration section */

/* Begin XCConfigurationList section */
		8CF3ABD21EA8A04000451428 /* Build configuration list for PBXProject "AddContacts2Simulator" */ = {
			isa = XCConfigurationList;
			buildConfigurations = (
				8CF3ABEC1EA8A04000451428 /* Debug */,
				8CF3ABED1EA8A04000451428 /* Release */,
			);
			defaultConfigurationIsVisible = 0;
			defaultConfigurationName = Release;
		};
		8CF3ABEE1EA8A04000451428 /* Build configuration list for PBXNativeTarget "AddContacts2Simulator" */ = {
			isa = XCConfigurationList;
			buildConfigurations = (
				8CF3ABEF1EA8A04000451428 /* Debug */,
				8CF3ABF01EA8A04000451428 /* Release */,
			);
			defaultConfigurationIsVisible = 0;
		};
/* End XCConfigurationList section */
	};
	rootObject = 8CF3ABCF1EA8A04000451428 /* Project object */;
}
